
Microsoft Visual Studio Solution File, Format Version 12.00
Project("{FAE04EC0-301F-11D3-BF4B-00C04F79EFBC}") = "CS.Auth.API", "CS.Auth.API\CS.Auth.API.csproj", "{FE309F12-4378-4B41-A096-D8DF611AADDD}"
EndProject
Project("{2150E333-8FDC-42A3-9474-1A3956D46DE8}") = "Src", "Src", "{83F114FC-BC9F-43B5-831F-E430C328BD00}"
EndProject
Project("{2150E333-8FDC-42A3-9474-1A3956D46DE8}") = "Tests", "Tests", "{C3B4AFFC-918D-4545-9C2A-A0C02F93EF93}"
EndProject
Project("{2150E333-8FDC-42A3-9474-1A3956D46DE8}") = "Domain", "Domain", "{60D7E6E1-FB70-41CC-A421-0D8F41A606F8}"
EndProject
Project("{FAE04EC0-301F-11D3-BF4B-00C04F79EFBC}") = "CS.Auth.Domain", "CS.Auth.Domain\CS.Auth.Domain.csproj", "{54726515-60FC-4E78-9CCD-F9BD93A2AE90}"
EndProject
Project("{2150E333-8FDC-42A3-9474-1A3956D46DE8}") = "Infrastructure", "Infrastructure", "{0ED31F6C-4A72-4B3E-AAF2-6E50EBBA2512}"
EndProject
Project("{FAE04EC0-301F-11D3-BF4B-00C04F79EFBC}") = "CS.Auth.Infrastructure", "CS.Auth.Infrastructure\CS.Auth.Infrastructure.csproj", "{6FCF20FC-212B-4054-9669-74C6E3A6F9D5}"
EndProject
Project("{2150E333-8FDC-42A3-9474-1A3956D46DE8}") = "Application", "Application", "{BE72B260-B176-4E40-ACFE-BD6F2BF099BF}"
EndProject
Project("{FAE04EC0-301F-11D3-BF4B-00C04F79EFBC}") = "CS.Auth.Application", "CS.Auth.Application\CS.Auth.Application.csproj", "{561FA183-4652-4472-9461-0DA1C357F854}"
EndProject
Project("{2150E333-8FDC-42A3-9474-1A3956D46DE8}") = "Presentation", "Presentation", "{9BB2EECB-0721-4BC8-AC7B-2A171B1A7711}"
EndProject
Project("{FAE04EC0-301F-11D3-BF4B-00C04F79EFBC}") = "CS.Auth.API.GRPC", "CS.Auth.API.GRPC\CS.Auth.API.GRPC.csproj", "{A1165E35-592D-493E-82ED-9189ED609F8A}"
EndProject
Global
	GlobalSection(SolutionConfigurationPlatforms) = preSolution
		Debug|Any CPU = Debug|Any CPU
		Release|Any CPU = Release|Any CPU
	EndGlobalSection
	GlobalSection(ProjectConfigurationPlatforms) = postSolution
		{FE309F12-4378-4B41-A096-D8DF611AADDD}.Debug|Any CPU.ActiveCfg = Debug|Any CPU
		{FE309F12-4378-4B41-A096-D8DF611AADDD}.Debug|Any CPU.Build.0 = Debug|Any CPU
		{FE309F12-4378-4B41-A096-D8DF611AADDD}.Release|Any CPU.ActiveCfg = Release|Any CPU
		{FE309F12-4378-4B41-A096-D8DF611AADDD}.Release|Any CPU.Build.0 = Release|Any CPU
		{54726515-60FC-4E78-9CCD-F9BD93A2AE90}.Debug|Any CPU.ActiveCfg = Debug|Any CPU
		{54726515-60FC-4E78-9CCD-F9BD93A2AE90}.Debug|Any CPU.Build.0 = Debug|Any CPU
		{54726515-60FC-4E78-9CCD-F9BD93A2AE90}.Release|Any CPU.ActiveCfg = Release|Any CPU
		{54726515-60FC-4E78-9CCD-F9BD93A2AE90}.Release|Any CPU.Build.0 = Release|Any CPU
		{6FCF20FC-212B-4054-9669-74C6E3A6F9D5}.Debug|Any CPU.ActiveCfg = Debug|Any CPU
		{6FCF20FC-212B-4054-9669-74C6E3A6F9D5}.Debug|Any CPU.Build.0 = Debug|Any CPU
		{6FCF20FC-212B-4054-9669-74C6E3A6F9D5}.Release|Any CPU.ActiveCfg = Release|Any CPU
		{6FCF20FC-212B-4054-9669-74C6E3A6F9D5}.Release|Any CPU.Build.0 = Release|Any CPU
		{561FA183-4652-4472-9461-0DA1C357F854}.Debug|Any CPU.ActiveCfg = Debug|Any CPU
		{561FA183-4652-4472-9461-0DA1C357F854}.Debug|Any CPU.Build.0 = Debug|Any CPU
		{561FA183-4652-4472-9461-0DA1C357F854}.Release|Any CPU.ActiveCfg = Release|Any CPU
		{561FA183-4652-4472-9461-0DA1C357F854}.Release|Any CPU.Build.0 = Release|Any CPU
		{A1165E35-592D-493E-82ED-9189ED609F8A}.Debug|Any CPU.ActiveCfg = Debug|Any CPU
		{A1165E35-592D-493E-82ED-9189ED609F8A}.Debug|Any CPU.Build.0 = Debug|Any CPU
		{A1165E35-592D-493E-82ED-9189ED609F8A}.Release|Any CPU.ActiveCfg = Release|Any CPU
		{A1165E35-592D-493E-82ED-9189ED609F8A}.Release|Any CPU.Build.0 = Release|Any CPU
	EndGlobalSection
	GlobalSection(NestedProjects) = preSolution
		{60D7E6E1-FB70-41CC-A421-0D8F41A606F8} = {83F114FC-BC9F-43B5-831F-E430C328BD00}
		{54726515-60FC-4E78-9CCD-F9BD93A2AE90} = {60D7E6E1-FB70-41CC-A421-0D8F41A606F8}
		{0ED31F6C-4A72-4B3E-AAF2-6E50EBBA2512} = {83F114FC-BC9F-43B5-831F-E430C328BD00}
		{6FCF20FC-212B-4054-9669-74C6E3A6F9D5} = {0ED31F6C-4A72-4B3E-AAF2-6E50EBBA2512}
		{BE72B260-B176-4E40-ACFE-BD6F2BF099BF} = {83F114FC-BC9F-43B5-831F-E430C328BD00}
		{561FA183-4652-4472-9461-0DA1C357F854} = {BE72B260-B176-4E40-ACFE-BD6F2BF099BF}
		{9BB2EECB-0721-4BC8-AC7B-2A171B1A7711} = {83F114FC-BC9F-43B5-831F-E430C328BD00}
		{FE309F12-4378-4B41-A096-D8DF611AADDD} = {9BB2EECB-0721-4BC8-AC7B-2A171B1A7711}
		{A1165E35-592D-493E-82ED-9189ED609F8A} = {9BB2EECB-0721-4BC8-AC7B-2A171B1A7711}
	EndGlobalSection
EndGlobal
